
Microsoft Visual Studio Solution File, Format Version 12.00
# Visual Studio 2012
Project("{FAE04EC0-301F-11D3-BF4B-00C04F79EFBC}") = "HttpClientDemo", "HttpClientDemo.csproj", "{FAEFC672-998E-4A43-B9DD-7101AE0266C3}"
EndProject
Project("{FAE04EC0-301F-11D3-BF4B-00C04F79EFBC}") = "HttpClientDemo.iOS", "iOS\HttpClientDemo.iOS.csproj", "{5FB05521-C9DD-4CEE-881D-3F6F395EEACD}"
EndProject
Project("{FAE04EC0-301F-11D3-BF4B-00C04F79EFBC}") = "HttpClientDemo.Droid", "Droid\HttpClientDemo.Droid.csproj", "{01D99FEF-79B4-43EE-ABCE-3F88FE5E9FAC}"
EndProject
Global
	GlobalSection(SolutionConfigurationPlatforms) = preSolution
		Debug|Any CPU = Debug|Any CPU
		Release|Any CPU = Release|Any CPU
		Debug|iPhoneSimulator = Debug|iPhoneSimulator
		Release|iPhone = Release|iPhone
		Release|iPhoneSimulator = Release|iPhoneSimulator
		Debug|iPhone = Debug|iPhone
	EndGlobalSection
	GlobalSection(ProjectConfigurationPlatforms) = postSolution
		{FAEFC672-998E-4A43-B9DD-7101AE0266C3}.Debug|Any CPU.ActiveCfg = Debug|Any CPU
		{FAEFC672-998E-4A43-B9DD-7101AE0266C3}.Debug|Any CPU.Build.0 = Debug|Any CPU
		{FAEFC672-998E-4A43-B9DD-7101AE0266C3}.Release|Any CPU.ActiveCfg = Release|Any CPU
		{FAEFC672-998E-4A43-B9DD-7101AE0266C3}.Release|Any CPU.Build.0 = Release|Any CPU
		{FAEFC672-998E-4A43-B9DD-7101AE0266C3}.Debug|iPhoneSimulator.ActiveCfg = Debug|Any CPU
		{FAEFC672-998E-4A43-B9DD-7101AE0266C3}.Debug|iPhoneSimulator.Build.0 = Debug|Any CPU
		{FAEFC672-998E-4A43-B9DD-7101AE0266C3}.Release|iPhone.ActiveCfg = Release|Any CPU
		{FAEFC672-998E-4A43-B9DD-7101AE0266C3}.Release|iPhone.Build.0 = Release|Any CPU
		{FAEFC672-998E-4A43-B9DD-7101AE0266C3}.Release|iPhoneSimulator.ActiveCfg = Release|Any CPU
		{FAEFC672-998E-4A43-B9DD-7101AE0266C3}.Release|iPhoneSimulator.Build.0 = Release|Any CPU
		{FAEFC672-998E-4A43-B9DD-7101AE0266C3}.Debug|iPhone.ActiveCfg = Debug|Any CPU
		{FAEFC672-998E-4A43-B9DD-7101AE0266C3}.Debug|iPhone.Build.0 = Debug|Any CPU
		{5FB05521-C9DD-4CEE-881D-3F6F395EEACD}.Debug|Any CPU.ActiveCfg = Debug|iPhoneSimulator
		{5FB05521-C9DD-4CEE-881D-3F6F395EEACD}.Debug|Any CPU.Build.0 = Debug|iPhoneSimulator
		{5FB05521-C9DD-4CEE-881D-3F6F395EEACD}.Release|Any CPU.ActiveCfg = Debug|iPhoneSimulator
		{5FB05521-C9DD-4CEE-881D-3F6F395EEACD}.Release|Any CPU.Build.0 = Debug|iPhoneSimulator
		{5FB05521-C9DD-4CEE-881D-3F6F395EEACD}.Debug|iPhoneSimulator.ActiveCfg = Debug|iPhoneSimulator
		{5FB05521-C9DD-4CEE-881D-3F6F395EEACD}.Debug|iPhoneSimulator.Build.0 = Debug|iPhoneSimulator
		{5FB05521-C9DD-4CEE-881D-3F6F395EEACD}.Release|iPhone.ActiveCfg = Release|iPhone
		{5FB05521-C9DD-4CEE-881D-3F6F395EEACD}.Release|iPhone.Build.0 = Release|iPhone
		{5FB05521-C9DD-4CEE-881D-3F6F395EEACD}.Release|iPhoneSimulator.ActiveCfg = Release|iPhoneSimulator
		{5FB05521-C9DD-4CEE-881D-3F6F395EEACD}.Release|iPhoneSimulator.Build.0 = Release|iPhoneSimulator
		{5FB05521-C9DD-4CEE-881D-3F6F395EEACD}.Debug|iPhone.ActiveCfg = Debug|iPhone
		{5FB05521-C9DD-4CEE-881D-3F6F395EEACD}.Debug|iPhone.Build.0 = Debug|iPhone
		{01D99FEF-79B4-43EE-ABCE-3F88FE5E9FAC}.Debug|Any CPU.ActiveCfg = Debug|Any CPU
		{01D99FEF-79B4-43EE-ABCE-3F88FE5E9FAC}.Debug|Any CPU.Build.0 = Debug|Any CPU
		{01D99FEF-79B4-43EE-ABCE-3F88FE5E9FAC}.Release|Any CPU.ActiveCfg = Release|Any CPU
		{01D99FEF-79B4-43EE-ABCE-3F88FE5E9FAC}.Release|Any CPU.Build.0 = Release|Any CPU
		{01D99FEF-79B4-43EE-ABCE-3F88FE5E9FAC}.Debug|iPhoneSimulator.ActiveCfg = Debug|Any CPU
		{01D99FEF-79B4-43EE-ABCE-3F88FE5E9FAC}.Debug|iPhoneSimulator.Build.0 = Debug|Any CPU
		{01D99FEF-79B4-43EE-ABCE-3F88FE5E9FAC}.Release|iPhone.ActiveCfg = Release|Any CPU
		{01D99FEF-79B4-43EE-ABCE-3F88FE5E9FAC}.Release|iPhone.Build.0 = Release|Any CPU
		{01D99FEF-79B4-43EE-ABCE-3F88FE5E9FAC}.Release|iPhoneSimulator.ActiveCfg = Release|Any CPU
		{01D99FEF-79B4-43EE-ABCE-3F88FE5E9FAC}.Release|iPhoneSimulator.Build.0 = Release|Any CPU
		{01D99FEF-79B4-43EE-ABCE-3F88FE5E9FAC}.Debug|iPhone.ActiveCfg = Debug|Any CPU
		{01D99FEF-79B4-43EE-ABCE-3F88FE5E9FAC}.Debug|iPhone.Build.0 = Debug|Any CPU
	EndGlobalSection
EndGlobal
